
Microsoft Visual Studio Solution File, Format Version 12.00
# Visual Studio 15
VisualStudioVersion = 15.0.27428.2037
MinimumVisualStudioVersion = 10.0.40219.1
Project("{9A19103F-16F7-4668-BE54-9A1E7A4F7556}") = "BarcodeReader", "BarcodeReader\BarcodeReader.csproj", "{193AC37A-06B6-42E1-BD37-6245701934C2}"
EndProject
Project("{9A19103F-16F7-4668-BE54-9A1E7A4F7556}") = "BarcodeReader.Abstractions", "BarcodeReader.Abstractions\BarcodeReader.Abstractions.csproj", "{0A1A287B-954E-43C7-B21F-0873A5813EA5}"
EndProject
Project("{FAE04EC0-301F-11D3-BF4B-00C04F79EFBC}") = "BarcodeReader.iOS", "BarcodeReader.iOS\BarcodeReader.iOS.csproj", "{7FA10E12-783D-446C-8141-E8624EFEAFEC}"
EndProject
Project("{FAE04EC0-301F-11D3-BF4B-00C04F79EFBC}") = "BarcodeReader.Droid", "BarcodeReader.Droid\BarcodeReader.Droid.csproj", "{EBC2667B-2214-43B1-8325-DE82588AC63F}"
EndProject
Project("{2150E333-8FDC-42A3-9474-1A3956D46DE8}") = "Test", "Test", "{8B266801-8289-41DC-BF27-8A678DA5E386}"
EndProject
Project("{FAE04EC0-301F-11D3-BF4B-00C04F79EFBC}") = "TestBarcode.Android", "TestBarcode\TestBarcode.Android\TestBarcode.Android.csproj", "{7075747C-898E-4A02-8032-F7F18753E2EC}"
EndProject
Project("{FAE04EC0-301F-11D3-BF4B-00C04F79EFBC}") = "TestBarcode.iOS", "TestBarcode\TestBarcode.iOS\TestBarcode.iOS.csproj", "{E1AA3F49-4E45-48F3-978F-649E22042EBD}"
EndProject
Project("{9A19103F-16F7-4668-BE54-9A1E7A4F7556}") = "TestBarcode", "TestBarcode\TestBarcode\TestBarcode.csproj", "{C31E186B-7681-48AE-9C59-F09618211346}"
EndProject
Project("{2150E333-8FDC-42A3-9474-1A3956D46DE8}") = "Solution Items", "Solution Items", "{F0F33DA4-CEB0-4F08-B48A-B378E93925CC}"
	ProjectSection(SolutionItems) = preProject
		Barcode.nuspec = Barcode.nuspec
	EndProjectSection
EndProject
Global
	GlobalSection(SolutionConfigurationPlatforms) = preSolution
		Ad-Hoc|Any CPU = Ad-Hoc|Any CPU
		Ad-Hoc|iPhone = Ad-Hoc|iPhone
		Ad-Hoc|iPhoneSimulator = Ad-Hoc|iPhoneSimulator
		AppStore|Any CPU = AppStore|Any CPU
		AppStore|iPhone = AppStore|iPhone
		AppStore|iPhoneSimulator = AppStore|iPhoneSimulator
		Debug|Any CPU = Debug|Any CPU
		Debug|iPhone = Debug|iPhone
		Debug|iPhoneSimulator = Debug|iPhoneSimulator
		Release|Any CPU = Release|Any CPU
		Release|iPhone = Release|iPhone
		Release|iPhoneSimulator = Release|iPhoneSimulator
	EndGlobalSection
	GlobalSection(ProjectConfigurationPlatforms) = postSolution
		{193AC37A-06B6-42E1-BD37-6245701934C2}.Ad-Hoc|Any CPU.ActiveCfg = Release|Any CPU
		{193AC37A-06B6-42E1-BD37-6245701934C2}.Ad-Hoc|Any CPU.Build.0 = Release|Any CPU
		{193AC37A-06B6-42E1-BD37-6245701934C2}.Ad-Hoc|iPhone.ActiveCfg = Release|Any CPU
		{193AC37A-06B6-42E1-BD37-6245701934C2}.Ad-Hoc|iPhone.Build.0 = Release|Any CPU
		{193AC37A-06B6-42E1-BD37-6245701934C2}.Ad-Hoc|iPhoneSimulator.ActiveCfg = Release|Any CPU
		{193AC37A-06B6-42E1-BD37-6245701934C2}.Ad-Hoc|iPhoneSimulator.Build.0 = Release|Any CPU
		{193AC37A-06B6-42E1-BD37-6245701934C2}.AppStore|Any CPU.ActiveCfg = Release|Any CPU
		{193AC37A-06B6-42E1-BD37-6245701934C2}.AppStore|Any CPU.Build.0 = Release|Any CPU
		{193AC37A-06B6-42E1-BD37-6245701934C2}.AppStore|iPhone.ActiveCfg = Release|Any CPU
		{193AC37A-06B6-42E1-BD37-6245701934C2}.AppStore|iPhone.Build.0 = Release|Any CPU
		{193AC37A-06B6-42E1-BD37-6245701934C2}.AppStore|iPhoneSimulator.ActiveCfg = Release|Any CPU
		{193AC37A-06B6-42E1-BD37-6245701934C2}.AppStore|iPhoneSimulator.Build.0 = Release|Any CPU
		{193AC37A-06B6-42E1-BD37-6245701934C2}.Debug|Any CPU.ActiveCfg = Debug|Any CPU
		{193AC37A-06B6-42E1-BD37-6245701934C2}.Debug|Any CPU.Build.0 = Debug|Any CPU
		{193AC37A-06B6-42E1-BD37-6245701934C2}.Debug|iPhone.ActiveCfg = Debug|Any CPU
		{193AC37A-06B6-42E1-BD37-6245701934C2}.Debug|iPhone.Build.0 = Debug|Any CPU
		{193AC37A-06B6-42E1-BD37-6245701934C2}.Debug|iPhoneSimulator.ActiveCfg = Debug|Any CPU
		{193AC37A-06B6-42E1-BD37-6245701934C2}.Debug|iPhoneSimulator.Build.0 = Debug|Any CPU
		{193AC37A-06B6-42E1-BD37-6245701934C2}.Release|Any CPU.ActiveCfg = Release|Any CPU
		{193AC37A-06B6-42E1-BD37-6245701934C2}.Release|Any CPU.Build.0 = Release|Any CPU
		{193AC37A-06B6-42E1-BD37-6245701934C2}.Release|iPhone.ActiveCfg = Release|Any CPU
		{193AC37A-06B6-42E1-BD37-6245701934C2}.Release|iPhone.Build.0 = Release|Any CPU
		{193AC37A-06B6-42E1-BD37-6245701934C2}.Release|iPhoneSimulator.ActiveCfg = Release|Any CPU
		{193AC37A-06B6-42E1-BD37-6245701934C2}.Release|iPhoneSimulator.Build.0 = Release|Any CPU
		{0A1A287B-954E-43C7-B21F-0873A5813EA5}.Ad-Hoc|Any CPU.ActiveCfg = Release|Any CPU
		{0A1A287B-954E-43C7-B21F-0873A5813EA5}.Ad-Hoc|Any CPU.Build.0 = Release|Any CPU
		{0A1A287B-954E-43C7-B21F-0873A5813EA5}.Ad-Hoc|iPhone.ActiveCfg = Release|Any CPU
		{0A1A287B-954E-43C7-B21F-0873A5813EA5}.Ad-Hoc|iPhone.Build.0 = Release|Any CPU
		{0A1A287B-954E-43C7-B21F-0873A5813EA5}.Ad-Hoc|iPhoneSimulator.ActiveCfg = Release|Any CPU
		{0A1A287B-954E-43C7-B21F-0873A5813EA5}.Ad-Hoc|iPhoneSimulator.Build.0 = Release|Any CPU
		{0A1A287B-954E-43C7-B21F-0873A5813EA5}.AppStore|Any CPU.ActiveCfg = Release|Any CPU
		{0A1A287B-954E-43C7-B21F-0873A5813EA5}.AppStore|Any CPU.Build.0 = Release|Any CPU
		{0A1A287B-954E-43C7-B21F-0873A5813EA5}.AppStore|iPhone.ActiveCfg = Release|Any CPU
		{0A1A287B-954E-43C7-B21F-0873A5813EA5}.AppStore|iPhone.Build.0 = Release|Any CPU
		{0A1A287B-954E-43C7-B21F-0873A5813EA5}.AppStore|iPhoneSimulator.ActiveCfg = Release|Any CPU
		{0A1A287B-954E-43C7-B21F-0873A5813EA5}.AppStore|iPhoneSimulator.Build.0 = Release|Any CPU
		{0A1A287B-954E-43C7-B21F-0873A5813EA5}.Debug|Any CPU.ActiveCfg = Debug|Any CPU
		{0A1A287B-954E-43C7-B21F-0873A5813EA5}.Debug|Any CPU.Build.0 = Debug|Any CPU
		{0A1A287B-954E-43C7-B21F-0873A5813EA5}.Debug|iPhone.ActiveCfg = Debug|Any CPU
		{0A1A287B-954E-43C7-B21F-0873A5813EA5}.Debug|iPhone.Build.0 = Debug|Any CPU
		{0A1A287B-954E-43C7-B21F-0873A5813EA5}.Debug|iPhoneSimulator.ActiveCfg = Debug|Any CPU
		{0A1A287B-954E-43C7-B21F-0873A5813EA5}.Debug|iPhoneSimulator.Build.0 = Debug|Any CPU
		{0A1A287B-954E-43C7-B21F-0873A5813EA5}.Release|Any CPU.ActiveCfg = Release|Any CPU
		{0A1A287B-954E-43C7-B21F-0873A5813EA5}.Release|Any CPU.Build.0 = Release|Any CPU
		{0A1A287B-954E-43C7-B21F-0873A5813EA5}.Release|iPhone.ActiveCfg = Release|Any CPU
		{0A1A287B-954E-43C7-B21F-0873A5813EA5}.Release|iPhone.Build.0 = Release|Any CPU
		{0A1A287B-954E-43C7-B21F-0873A5813EA5}.Release|iPhoneSimulator.ActiveCfg = Release|Any CPU
		{0A1A287B-954E-43C7-B21F-0873A5813EA5}.Release|iPhoneSimulator.Build.0 = Release|Any CPU
		{7FA10E12-783D-446C-8141-E8624EFEAFEC}.Ad-Hoc|Any CPU.ActiveCfg = Release|Any CPU
		{7FA10E12-783D-446C-8141-E8624EFEAFEC}.Ad-Hoc|Any CPU.Build.0 = Release|Any CPU
		{7FA10E12-783D-446C-8141-E8624EFEAFEC}.Ad-Hoc|iPhone.ActiveCfg = Release|Any CPU
		{7FA10E12-783D-446C-8141-E8624EFEAFEC}.Ad-Hoc|iPhone.Build.0 = Release|Any CPU
		{7FA10E12-783D-446C-8141-E8624EFEAFEC}.Ad-Hoc|iPhoneSimulator.ActiveCfg = Release|Any CPU
		{7FA10E12-783D-446C-8141-E8624EFEAFEC}.Ad-Hoc|iPhoneSimulator.Build.0 = Release|Any CPU
		{7FA10E12-783D-446C-8141-E8624EFEAFEC}.AppStore|Any CPU.ActiveCfg = Release|Any CPU
		{7FA10E12-783D-446C-8141-E8624EFEAFEC}.AppStore|Any CPU.Build.0 = Release|Any CPU
		{7FA10E12-783D-446C-8141-E8624EFEAFEC}.AppStore|iPhone.ActiveCfg = Release|Any CPU
		{7FA10E12-783D-446C-8141-E8624EFEAFEC}.AppStore|iPhone.Build.0 = Release|Any CPU
		{7FA10E12-783D-446C-8141-E8624EFEAFEC}.AppStore|iPhoneSimulator.ActiveCfg = Release|Any CPU
		{7FA10E12-783D-446C-8141-E8624EFEAFEC}.AppStore|iPhoneSimulator.Build.0 = Release|Any CPU
		{7FA10E12-783D-446C-8141-E8624EFEAFEC}.Debug|Any CPU.ActiveCfg = Debug|Any CPU
		{7FA10E12-783D-446C-8141-E8624EFEAFEC}.Debug|Any CPU.Build.0 = Debug|Any CPU
		{7FA10E12-783D-446C-8141-E8624EFEAFEC}.Debug|iPhone.ActiveCfg = Debug|Any CPU
		{7FA10E12-783D-446C-8141-E8624EFEAFEC}.Debug|iPhone.Build.0 = Debug|Any CPU
		{7FA10E12-783D-446C-8141-E8624EFEAFEC}.Debug|iPhoneSimulator.ActiveCfg = Debug|Any CPU
		{7FA10E12-783D-446C-8141-E8624EFEAFEC}.Debug|iPhoneSimulator.Build.0 = Debug|Any CPU
		{7FA10E12-783D-446C-8141-E8624EFEAFEC}.Release|Any CPU.ActiveCfg = Release|Any CPU
		{7FA10E12-783D-446C-8141-E8624EFEAFEC}.Release|Any CPU.Build.0 = Release|Any CPU
		{7FA10E12-783D-446C-8141-E8624EFEAFEC}.Release|iPhone.ActiveCfg = Release|Any CPU
		{7FA10E12-783D-446C-8141-E8624EFEAFEC}.Release|iPhone.Build.0 = Release|Any CPU
		{7FA10E12-783D-446C-8141-E8624EFEAFEC}.Release|iPhoneSimulator.ActiveCfg = Release|Any CPU
		{7FA10E12-783D-446C-8141-E8624EFEAFEC}.Release|iPhoneSimulator.Build.0 = Release|Any CPU
		{EBC2667B-2214-43B1-8325-DE82588AC63F}.Ad-Hoc|Any CPU.ActiveCfg = Release|Any CPU
		{EBC2667B-2214-43B1-8325-DE82588AC63F}.Ad-Hoc|Any CPU.Build.0 = Release|Any CPU
		{EBC2667B-2214-43B1-8325-DE82588AC63F}.Ad-Hoc|iPhone.ActiveCfg = Release|Any CPU
		{EBC2667B-2214-43B1-8325-DE82588AC63F}.Ad-Hoc|iPhone.Build.0 = Release|Any CPU
		{EBC2667B-2214-43B1-8325-DE82588AC63F}.Ad-Hoc|iPhoneSimulator.ActiveCfg = Release|Any CPU
		{EBC2667B-2214-43B1-8325-DE82588AC63F}.Ad-Hoc|iPhoneSimulator.Build.0 = Release|Any CPU
		{EBC2667B-2214-43B1-8325-DE82588AC63F}.AppStore|Any CPU.ActiveCfg = Release|Any CPU
		{EBC2667B-2214-43B1-8325-DE82588AC63F}.AppStore|Any CPU.Build.0 = Release|Any CPU
		{EBC2667B-2214-43B1-8325-DE82588AC63F}.AppStore|iPhone.ActiveCfg = Release|Any CPU
		{EBC2667B-2214-43B1-8325-DE82588AC63F}.AppStore|iPhone.Build.0 = Release|Any CPU
		{EBC2667B-2214-43B1-8325-DE82588AC63F}.AppStore|iPhoneSimulator.ActiveCfg = Release|Any CPU
		{EBC2667B-2214-43B1-8325-DE82588AC63F}.AppStore|iPhoneSimulator.Build.0 = Release|Any CPU
		{EBC2667B-2214-43B1-8325-DE82588AC63F}.Debug|Any CPU.ActiveCfg = Debug|Any CPU
		{EBC2667B-2214-43B1-8325-DE82588AC63F}.Debug|Any CPU.Build.0 = Debug|Any CPU
		{EBC2667B-2214-43B1-8325-DE82588AC63F}.Debug|iPhone.ActiveCfg = Debug|Any CPU
		{EBC2667B-2214-43B1-8325-DE82588AC63F}.Debug|iPhone.Build.0 = Debug|Any CPU
		{EBC2667B-2214-43B1-8325-DE82588AC63F}.Debug|iPhoneSimulator.ActiveCfg = Debug|Any CPU
		{EBC2667B-2214-43B1-8325-DE82588AC63F}.Debug|iPhoneSimulator.Build.0 = Debug|Any CPU
		{EBC2667B-2214-43B1-8325-DE82588AC63F}.Release|Any CPU.ActiveCfg = Release|Any CPU
		{EBC2667B-2214-43B1-8325-DE82588AC63F}.Release|Any CPU.Build.0 = Release|Any CPU
		{EBC2667B-2214-43B1-8325-DE82588AC63F}.Release|iPhone.ActiveCfg = Release|Any CPU
		{EBC2667B-2214-43B1-8325-DE82588AC63F}.Release|iPhone.Build.0 = Release|Any CPU
		{EBC2667B-2214-43B1-8325-DE82588AC63F}.Release|iPhoneSimulator.ActiveCfg = Release|Any CPU
		{EBC2667B-2214-43B1-8325-DE82588AC63F}.Release|iPhoneSimulator.Build.0 = Release|Any CPU
		{7075747C-898E-4A02-8032-F7F18753E2EC}.Ad-Hoc|Any CPU.ActiveCfg = Release|Any CPU
		{7075747C-898E-4A02-8032-F7F18753E2EC}.Ad-Hoc|Any CPU.Build.0 = Release|Any CPU
		{7075747C-898E-4A02-8032-F7F18753E2EC}.Ad-Hoc|Any CPU.Deploy.0 = Release|Any CPU
		{7075747C-898E-4A02-8032-F7F18753E2EC}.Ad-Hoc|iPhone.ActiveCfg = Release|Any CPU
		{7075747C-898E-4A02-8032-F7F18753E2EC}.Ad-Hoc|iPhone.Build.0 = Release|Any CPU
		{7075747C-898E-4A02-8032-F7F18753E2EC}.Ad-Hoc|iPhone.Deploy.0 = Release|Any CPU
		{7075747C-898E-4A02-8032-F7F18753E2EC}.Ad-Hoc|iPhoneSimulator.ActiveCfg = Release|Any CPU
		{7075747C-898E-4A02-8032-F7F18753E2EC}.Ad-Hoc|iPhoneSimulator.Build.0 = Release|Any CPU
		{7075747C-898E-4A02-8032-F7F18753E2EC}.Ad-Hoc|iPhoneSimulator.Deploy.0 = Release|Any CPU
		{7075747C-898E-4A02-8032-F7F18753E2EC}.AppStore|Any CPU.ActiveCfg = Release|Any CPU
		{7075747C-898E-4A02-8032-F7F18753E2EC}.AppStore|Any CPU.Build.0 = Release|Any CPU
		{7075747C-898E-4A02-8032-F7F18753E2EC}.AppStore|Any CPU.Deploy.0 = Release|Any CPU
		{7075747C-898E-4A02-8032-F7F18753E2EC}.AppStore|iPhone.ActiveCfg = Release|Any CPU
		{7075747C-898E-4A02-8032-F7F18753E2EC}.AppStore|iPhone.Build.0 = Release|Any CPU
		{7075747C-898E-4A02-8032-F7F18753E2EC}.AppStore|iPhone.Deploy.0 = Release|Any CPU
		{7075747C-898E-4A02-8032-F7F18753E2EC}.AppStore|iPhoneSimulator.ActiveCfg = Release|Any CPU
		{7075747C-898E-4A02-8032-F7F18753E2EC}.AppStore|iPhoneSimulator.Build.0 = Release|Any CPU
		{7075747C-898E-4A02-8032-F7F18753E2EC}.AppStore|iPhoneSimulator.Deploy.0 = Release|Any CPU
		{7075747C-898E-4A02-8032-F7F18753E2EC}.Debug|Any CPU.ActiveCfg = Debug|Any CPU
		{7075747C-898E-4A02-8032-F7F18753E2EC}.Debug|Any CPU.Build.0 = Debug|Any CPU
		{7075747C-898E-4A02-8032-F7F18753E2EC}.Debug|Any CPU.Deploy.0 = Debug|Any CPU
		{7075747C-898E-4A02-8032-F7F18753E2EC}.Debug|iPhone.ActiveCfg = Debug|Any CPU
		{7075747C-898E-4A02-8032-F7F18753E2EC}.Debug|iPhone.Build.0 = Debug|Any CPU
		{7075747C-898E-4A02-8032-F7F18753E2EC}.Debug|iPhone.Deploy.0 = Debug|Any CPU
		{7075747C-898E-4A02-8032-F7F18753E2EC}.Debug|iPhoneSimulator.ActiveCfg = Debug|Any CPU
		{7075747C-898E-4A02-8032-F7F18753E2EC}.Debug|iPhoneSimulator.Build.0 = Debug|Any CPU
		{7075747C-898E-4A02-8032-F7F18753E2EC}.Debug|iPhoneSimulator.Deploy.0 = Debug|Any CPU
		{7075747C-898E-4A02-8032-F7F18753E2EC}.Release|Any CPU.ActiveCfg = Release|Any CPU
		{7075747C-898E-4A02-8032-F7F18753E2EC}.Release|Any CPU.Build.0 = Release|Any CPU
		{7075747C-898E-4A02-8032-F7F18753E2EC}.Release|Any CPU.Deploy.0 = Release|Any CPU
		{7075747C-898E-4A02-8032-F7F18753E2EC}.Release|iPhone.ActiveCfg = Release|Any CPU
		{7075747C-898E-4A02-8032-F7F18753E2EC}.Release|iPhone.Build.0 = Release|Any CPU
		{7075747C-898E-4A02-8032-F7F18753E2EC}.Release|iPhone.Deploy.0 = Release|Any CPU
		{7075747C-898E-4A02-8032-F7F18753E2EC}.Release|iPhoneSimulator.ActiveCfg = Release|Any CPU
		{7075747C-898E-4A02-8032-F7F18753E2EC}.Release|iPhoneSimulator.Build.0 = Release|Any CPU
		{7075747C-898E-4A02-8032-F7F18753E2EC}.Release|iPhoneSimulator.Deploy.0 = Release|Any CPU
		{E1AA3F49-4E45-48F3-978F-649E22042EBD}.Ad-Hoc|Any CPU.ActiveCfg = Ad-Hoc|iPhone
		{E1AA3F49-4E45-48F3-978F-649E22042EBD}.Ad-Hoc|iPhone.ActiveCfg = Ad-Hoc|iPhone
		{E1AA3F49-4E45-48F3-978F-649E22042EBD}.Ad-Hoc|iPhone.Build.0 = Ad-Hoc|iPhone
		{E1AA3F49-4E45-48F3-978F-649E22042EBD}.Ad-Hoc|iPhoneSimulator.ActiveCfg = Ad-Hoc|iPhoneSimulator
		{E1AA3F49-4E45-48F3-978F-649E22042EBD}.Ad-Hoc|iPhoneSimulator.Build.0 = Ad-Hoc|iPhoneSimulator
		{E1AA3F49-4E45-48F3-978F-649E22042EBD}.AppStore|Any CPU.ActiveCfg = AppStore|iPhone
		{E1AA3F49-4E45-48F3-978F-649E22042EBD}.AppStore|iPhone.ActiveCfg = AppStore|iPhone
		{E1AA3F49-4E45-48F3-978F-649E22042EBD}.AppStore|iPhone.Build.0 = AppStore|iPhone
		{E1AA3F49-4E45-48F3-978F-649E22042EBD}.AppStore|iPhoneSimulator.ActiveCfg = AppStore|iPhoneSimulator
		{E1AA3F49-4E45-48F3-978F-649E22042EBD}.AppStore|iPhoneSimulator.Build.0 = AppStore|iPhoneSimulator
		{E1AA3F49-4E45-48F3-978F-649E22042EBD}.Debug|Any CPU.ActiveCfg = Debug|iPhone
		{E1AA3F49-4E45-48F3-978F-649E22042EBD}.Debug|iPhone.ActiveCfg = Debug|iPhone
		{E1AA3F49-4E45-48F3-978F-649E22042EBD}.Debug|iPhone.Build.0 = Debug|iPhone
		{E1AA3F49-4E45-48F3-978F-649E22042EBD}.Debug|iPhoneSimulator.ActiveCfg = Debug|iPhoneSimulator
		{E1AA3F49-4E45-48F3-978F-649E22042EBD}.Debug|iPhoneSimulator.Build.0 = Debug|iPhoneSimulator
		{E1AA3F49-4E45-48F3-978F-649E22042EBD}.Release|Any CPU.ActiveCfg = Release|iPhone
		{E1AA3F49-4E45-48F3-978F-649E22042EBD}.Release|iPhone.ActiveCfg = Release|iPhone
		{E1AA3F49-4E45-48F3-978F-649E22042EBD}.Release|iPhone.Build.0 = Release|iPhone
		{E1AA3F49-4E45-48F3-978F-649E22042EBD}.Release|iPhoneSimulator.ActiveCfg = Release|iPhoneSimulator
		{E1AA3F49-4E45-48F3-978F-649E22042EBD}.Release|iPhoneSimulator.Build.0 = Release|iPhoneSimulator
		{C31E186B-7681-48AE-9C59-F09618211346}.Ad-Hoc|Any CPU.ActiveCfg = Debug|Any CPU
		{C31E186B-7681-48AE-9C59-F09618211346}.Ad-Hoc|Any CPU.Build.0 = Debug|Any CPU
		{C31E186B-7681-48AE-9C59-F09618211346}.Ad-Hoc|iPhone.ActiveCfg = Debug|Any CPU
		{C31E186B-7681-48AE-9C59-F09618211346}.Ad-Hoc|iPhone.Build.0 = Debug|Any CPU
		{C31E186B-7681-48AE-9C59-F09618211346}.Ad-Hoc|iPhoneSimulator.ActiveCfg = Debug|Any CPU
		{C31E186B-7681-48AE-9C59-F09618211346}.Ad-Hoc|iPhoneSimulator.Build.0 = Debug|Any CPU
		{C31E186B-7681-48AE-9C59-F09618211346}.AppStore|Any CPU.ActiveCfg = Debug|Any CPU
		{C31E186B-7681-48AE-9C59-F09618211346}.AppStore|Any CPU.Build.0 = Debug|Any CPU
		{C31E186B-7681-48AE-9C59-F09618211346}.AppStore|iPhone.ActiveCfg = Debug|Any CPU
		{C31E186B-7681-48AE-9C59-F09618211346}.AppStore|iPhone.Build.0 = Debug|Any CPU
		{C31E186B-7681-48AE-9C59-F09618211346}.AppStore|iPhoneSimulator.ActiveCfg = Debug|Any CPU
		{C31E186B-7681-48AE-9C59-F09618211346}.AppStore|iPhoneSimulator.Build.0 = Debug|Any CPU
		{C31E186B-7681-48AE-9C59-F09618211346}.Debug|Any CPU.ActiveCfg = Debug|Any CPU
		{C31E186B-7681-48AE-9C59-F09618211346}.Debug|Any CPU.Build.0 = Debug|Any CPU
		{C31E186B-7681-48AE-9C59-F09618211346}.Debug|iPhone.ActiveCfg = Debug|Any CPU
		{C31E186B-7681-48AE-9C59-F09618211346}.Debug|iPhone.Build.0 = Debug|Any CPU
		{C31E186B-7681-48AE-9C59-F09618211346}.Debug|iPhoneSimulator.ActiveCfg = Debug|Any CPU
		{C31E186B-7681-48AE-9C59-F09618211346}.Debug|iPhoneSimulator.Build.0 = Debug|Any CPU
		{C31E186B-7681-48AE-9C59-F09618211346}.Release|Any CPU.ActiveCfg = Release|Any CPU
		{C31E186B-7681-48AE-9C59-F09618211346}.Release|Any CPU.Build.0 = Release|Any CPU
		{C31E186B-7681-48AE-9C59-F09618211346}.Release|iPhone.ActiveCfg = Release|Any CPU
		{C31E186B-7681-48AE-9C59-F09618211346}.Release|iPhone.Build.0 = Release|Any CPU
		{C31E186B-7681-48AE-9C59-F09618211346}.Release|iPhoneSimulator.ActiveCfg = Release|Any CPU
		{C31E186B-7681-48AE-9C59-F09618211346}.Release|iPhoneSimulator.Build.0 = Release|Any CPU
	EndGlobalSection
	GlobalSection(SolutionProperties) = preSolution
		HideSolutionNode = FALSE
	EndGlobalSection
	GlobalSection(NestedProjects) = preSolution
		{7075747C-898E-4A02-8032-F7F18753E2EC} = {8B266801-8289-41DC-BF27-8A678DA5E386}
		{E1AA3F49-4E45-48F3-978F-649E22042EBD} = {8B266801-8289-41DC-BF27-8A678DA5E386}
		{C31E186B-7681-48AE-9C59-F09618211346} = {8B266801-8289-41DC-BF27-8A678DA5E386}
	EndGlobalSection
	GlobalSection(ExtensibilityGlobals) = postSolution
		SolutionGuid = {72F2551B-CCC4-463E-8D92-B1F063CC707F}
	EndGlobalSection
EndGlobal
