
Microsoft Visual Studio Solution File, Format Version 12.00
# Visual Studio 15
VisualStudioVersion = 15.0.27428.2037
MinimumVisualStudioVersion = 10.0.40219.1
Project("{FAE04EC0-301F-11D3-BF4B-00C04F79EFBC}") = "BarcodeReader", "BarcodeReader\BarcodeReader.csproj", "{193AC37A-06B6-42E1-BD37-6245701934C2}"
EndProject
Global
	GlobalSection(SolutionConfigurationPlatforms) = preSolution
		Debug|Any CPU = Debug|Any CPU
		Release|Any CPU = Release|Any CPU
	EndGlobalSection
	GlobalSection(ProjectConfigurationPlatforms) = postSolution
		{193AC37A-06B6-42E1-BD37-6245701934C2}.Debug|Any CPU.ActiveCfg = Debug|Any CPU
		{193AC37A-06B6-42E1-BD37-6245701934C2}.Debug|Any CPU.Build.0 = Debug|Any CPU
		{193AC37A-06B6-42E1-BD37-6245701934C2}.Release|Any CPU.ActiveCfg = Release|Any CPU
		{193AC37A-06B6-42E1-BD37-6245701934C2}.Release|Any CPU.Build.0 = Release|Any CPU
	EndGlobalSection
	GlobalSection(SolutionProperties) = preSolution
		HideSolutionNode = FALSE
	EndGlobalSection
	GlobalSection(ExtensibilityGlobals) = postSolution
		SolutionGuid = {72F2551B-CCC4-463E-8D92-B1F063CC707F}
	EndGlobalSection
EndGlobal
